// !$*UTF8*$!
{
	archiveVersion = 1;
	classes = {
	};
	objectVersion = 56;
	objects = {

/* Begin PBXBuildFile section */
		30084B1D2CFC2691005AD67A /* Games.h in Headers */ = {isa = PBXBuildFile; fileRef = 30084B1C2CFC2691005AD67A /* Games.h */; settings = {ATTRIBUTES = (Public, ); }; };
		300C596BEE9C67A147B66600 /* Pods_Games.framework in Frameworks */ = {isa = PBXBuildFile; fileRef = A4C8AC4C5786FE22574B7560 /* Pods_Games.framework */; };
		303AD3B22CFC306F00867DC8 /* GameInteractor.swift in Sources */ = {isa = PBXBuildFile; fileRef = 303AD3A92CFC306F00867DC8 /* GameInteractor.swift */; };
		303AD3B32CFC306F00867DC8 /* GameUseCase.swift in Sources */ = {isa = PBXBuildFile; fileRef = 303AD3AA2CFC306F00867DC8 /* GameUseCase.swift */; };
		303AD3B42CFC306F00867DC8 /* DeveloperEntity.swift in Sources */ = {isa = PBXBuildFile; fileRef = 303AD3AC2CFC306F00867DC8 /* DeveloperEntity.swift */; };
		303AD3B52CFC306F00867DC8 /* GameDetailEntity.swift in Sources */ = {isa = PBXBuildFile; fileRef = 303AD3AD2CFC306F00867DC8 /* GameDetailEntity.swift */; };
		303AD3B62CFC306F00867DC8 /* GameEntity.swift in Sources */ = {isa = PBXBuildFile; fileRef = 303AD3AE2CFC306F00867DC8 /* GameEntity.swift */; };
		303AD3B72CFC306F00867DC8 /* GenreEntity.swift in Sources */ = {isa = PBXBuildFile; fileRef = 303AD3AF2CFC306F00867DC8 /* GenreEntity.swift */; };
		303AD3B82CFC306F00867DC8 /* PublisherEntity.swift in Sources */ = {isa = PBXBuildFile; fileRef = 303AD3B02CFC306F00867DC8 /* PublisherEntity.swift */; };
		303AD3C52CFC307800867DC8 /* GameRepository.swift in Sources */ = {isa = PBXBuildFile; fileRef = 303AD3B92CFC307800867DC8 /* GameRepository.swift */; };
		303AD3C62CFC307800867DC8 /* GameRepositoryProtocol.swift in Sources */ = {isa = PBXBuildFile; fileRef = 303AD3BA2CFC307800867DC8 /* GameRepositoryProtocol.swift */; };
		303AD3C72CFC307800867DC8 /* GameDataSource.swift in Sources */ = {isa = PBXBuildFile; fileRef = 303AD3BC2CFC307800867DC8 /* GameDataSource.swift */; };
		303AD3C82CFC307800867DC8 /* GameDataSourceProtocol.swift in Sources */ = {isa = PBXBuildFile; fileRef = 303AD3BD2CFC307800867DC8 /* GameDataSourceProtocol.swift */; };
		303AD3C92CFC307800867DC8 /* DeveloperModel.swift in Sources */ = {isa = PBXBuildFile; fileRef = 303AD3BF2CFC307800867DC8 /* DeveloperModel.swift */; };
		303AD3CA2CFC307800867DC8 /* GameDetailModel.swift in Sources */ = {isa = PBXBuildFile; fileRef = 303AD3C02CFC307800867DC8 /* GameDetailModel.swift */; };
		303AD3CB2CFC307800867DC8 /* GameModel.swift in Sources */ = {isa = PBXBuildFile; fileRef = 303AD3C12CFC307800867DC8 /* GameModel.swift */; };
		303AD3CC2CFC307800867DC8 /* GenreModel.swift in Sources */ = {isa = PBXBuildFile; fileRef = 303AD3C22CFC307800867DC8 /* GenreModel.swift */; };
		303AD3CD2CFC307800867DC8 /* PublisherModel.swift in Sources */ = {isa = PBXBuildFile; fileRef = 303AD3C32CFC307800867DC8 /* PublisherModel.swift */; };
		303AD3D42CFC307F00867DC8 /* DetailViewController.swift in Sources */ = {isa = PBXBuildFile; fileRef = 303AD3CE2CFC307F00867DC8 /* DetailViewController.swift */; };
		303AD3D52CFC307F00867DC8 /* MainViewController.swift in Sources */ = {isa = PBXBuildFile; fileRef = 303AD3CF2CFC307F00867DC8 /* MainViewController.swift */; };
		303AD3D62CFC307F00867DC8 /* GamePresenter.swift in Sources */ = {isa = PBXBuildFile; fileRef = 303AD3D12CFC307F00867DC8 /* GamePresenter.swift */; };
		303AD3D72CFC307F00867DC8 /* GamePresenterProtocol.swift in Sources */ = {isa = PBXBuildFile; fileRef = 303AD3D22CFC307F00867DC8 /* GamePresenterProtocol.swift */; };
		303AD3D92CFC30C700867DC8 /* LocalDatabase.framework in Frameworks */ = {isa = PBXBuildFile; fileRef = 303AD3D82CFC30C700867DC8 /* LocalDatabase.framework */; };
		303AD3DD2CFC30FB00867DC8 /* Common.framework in Frameworks */ = {isa = PBXBuildFile; fileRef = 303AD3DC2CFC30FB00867DC8 /* Common.framework */; };
		303AD3E12CFC315000867DC8 /* Injection.swift in Sources */ = {isa = PBXBuildFile; fileRef = 303AD3E02CFC315000867DC8 /* Injection.swift */; };
/* End PBXBuildFile section */

/* Begin PBXFileReference section */
		30084B192CFC2691005AD67A /* Games.framework */ = {isa = PBXFileReference; explicitFileType = wrapper.framework; includeInIndex = 0; path = Games.framework; sourceTree = BUILT_PRODUCTS_DIR; };
		30084B1C2CFC2691005AD67A /* Games.h */ = {isa = PBXFileReference; lastKnownFileType = sourcecode.c.h; path = Games.h; sourceTree = "<group>"; };
		303AD3A92CFC306F00867DC8 /* GameInteractor.swift */ = {isa = PBXFileReference; fileEncoding = 4; lastKnownFileType = sourcecode.swift; path = GameInteractor.swift; sourceTree = "<group>"; };
		303AD3AA2CFC306F00867DC8 /* GameUseCase.swift */ = {isa = PBXFileReference; fileEncoding = 4; lastKnownFileType = sourcecode.swift; path = GameUseCase.swift; sourceTree = "<group>"; };
		303AD3AC2CFC306F00867DC8 /* DeveloperEntity.swift */ = {isa = PBXFileReference; fileEncoding = 4; lastKnownFileType = sourcecode.swift; path = DeveloperEntity.swift; sourceTree = "<group>"; };
		303AD3AD2CFC306F00867DC8 /* GameDetailEntity.swift */ = {isa = PBXFileReference; fileEncoding = 4; lastKnownFileType = sourcecode.swift; path = GameDetailEntity.swift; sourceTree = "<group>"; };
		303AD3AE2CFC306F00867DC8 /* GameEntity.swift */ = {isa = PBXFileReference; fileEncoding = 4; lastKnownFileType = sourcecode.swift; path = GameEntity.swift; sourceTree = "<group>"; };
		303AD3AF2CFC306F00867DC8 /* GenreEntity.swift */ = {isa = PBXFileReference; fileEncoding = 4; lastKnownFileType = sourcecode.swift; path = GenreEntity.swift; sourceTree = "<group>"; };
		303AD3B02CFC306F00867DC8 /* PublisherEntity.swift */ = {isa = PBXFileReference; fileEncoding = 4; lastKnownFileType = sourcecode.swift; path = PublisherEntity.swift; sourceTree = "<group>"; };
		303AD3B92CFC307800867DC8 /* GameRepository.swift */ = {isa = PBXFileReference; fileEncoding = 4; lastKnownFileType = sourcecode.swift; path = GameRepository.swift; sourceTree = "<group>"; };
		303AD3BA2CFC307800867DC8 /* GameRepositoryProtocol.swift */ = {isa = PBXFileReference; fileEncoding = 4; lastKnownFileType = sourcecode.swift; path = GameRepositoryProtocol.swift; sourceTree = "<group>"; };
		303AD3BC2CFC307800867DC8 /* GameDataSource.swift */ = {isa = PBXFileReference; fileEncoding = 4; lastKnownFileType = sourcecode.swift; path = GameDataSource.swift; sourceTree = "<group>"; };
		303AD3BD2CFC307800867DC8 /* GameDataSourceProtocol.swift */ = {isa = PBXFileReference; fileEncoding = 4; lastKnownFileType = sourcecode.swift; path = GameDataSourceProtocol.swift; sourceTree = "<group>"; };
		303AD3BF2CFC307800867DC8 /* DeveloperModel.swift */ = {isa = PBXFileReference; fileEncoding = 4; lastKnownFileType = sourcecode.swift; path = DeveloperModel.swift; sourceTree = "<group>"; };
		303AD3C02CFC307800867DC8 /* GameDetailModel.swift */ = {isa = PBXFileReference; fileEncoding = 4; lastKnownFileType = sourcecode.swift; path = GameDetailModel.swift; sourceTree = "<group>"; };
		303AD3C12CFC307800867DC8 /* GameModel.swift */ = {isa = PBXFileReference; fileEncoding = 4; lastKnownFileType = sourcecode.swift; path = GameModel.swift; sourceTree = "<group>"; };
		303AD3C22CFC307800867DC8 /* GenreModel.swift */ = {isa = PBXFileReference; fileEncoding = 4; lastKnownFileType = sourcecode.swift; path = GenreModel.swift; sourceTree = "<group>"; };
		303AD3C32CFC307800867DC8 /* PublisherModel.swift */ = {isa = PBXFileReference; fileEncoding = 4; lastKnownFileType = sourcecode.swift; path = PublisherModel.swift; sourceTree = "<group>"; };
		303AD3CE2CFC307F00867DC8 /* DetailViewController.swift */ = {isa = PBXFileReference; fileEncoding = 4; lastKnownFileType = sourcecode.swift; path = DetailViewController.swift; sourceTree = "<group>"; };
		303AD3CF2CFC307F00867DC8 /* MainViewController.swift */ = {isa = PBXFileReference; fileEncoding = 4; lastKnownFileType = sourcecode.swift; path = MainViewController.swift; sourceTree = "<group>"; };
		303AD3D12CFC307F00867DC8 /* GamePresenter.swift */ = {isa = PBXFileReference; fileEncoding = 4; lastKnownFileType = sourcecode.swift; path = GamePresenter.swift; sourceTree = "<group>"; };
		303AD3D22CFC307F00867DC8 /* GamePresenterProtocol.swift */ = {isa = PBXFileReference; fileEncoding = 4; lastKnownFileType = sourcecode.swift; path = GamePresenterProtocol.swift; sourceTree = "<group>"; };
		303AD3D82CFC30C700867DC8 /* LocalDatabase.framework */ = {isa = PBXFileReference; explicitFileType = wrapper.framework; path = LocalDatabase.framework; sourceTree = BUILT_PRODUCTS_DIR; };
		303AD3DC2CFC30FB00867DC8 /* Common.framework */ = {isa = PBXFileReference; explicitFileType = wrapper.framework; path = Common.framework; sourceTree = BUILT_PRODUCTS_DIR; };
		303AD3E02CFC315000867DC8 /* Injection.swift */ = {isa = PBXFileReference; lastKnownFileType = sourcecode.swift; path = Injection.swift; sourceTree = "<group>"; };
		A4C8AC4C5786FE22574B7560 /* Pods_Games.framework */ = {isa = PBXFileReference; explicitFileType = wrapper.framework; includeInIndex = 0; path = Pods_Games.framework; sourceTree = BUILT_PRODUCTS_DIR; };
		AF13D2AF7E1201572DEDA864 /* Pods-Games.debug.xcconfig */ = {isa = PBXFileReference; includeInIndex = 1; lastKnownFileType = text.xcconfig; name = "Pods-Games.debug.xcconfig"; path = "Target Support Files/Pods-Games/Pods-Games.debug.xcconfig"; sourceTree = "<group>"; };
		E9A1AF218020CB56AA2AAB1F /* Pods-Games.release.xcconfig */ = {isa = PBXFileReference; includeInIndex = 1; lastKnownFileType = text.xcconfig; name = "Pods-Games.release.xcconfig"; path = "Target Support Files/Pods-Games/Pods-Games.release.xcconfig"; sourceTree = "<group>"; };
/* End PBXFileReference section */

/* Begin PBXFrameworksBuildPhase section */
		30084B162CFC2691005AD67A /* Frameworks */ = {
			isa = PBXFrameworksBuildPhase;
			buildActionMask = 2147483647;
			files = (
				303AD3DD2CFC30FB00867DC8 /* Common.framework in Frameworks */,
				300C596BEE9C67A147B66600 /* Pods_Games.framework in Frameworks */,
				303AD3D92CFC30C700867DC8 /* LocalDatabase.framework in Frameworks */,
			);
			runOnlyForDeploymentPostprocessing = 0;
		};
/* End PBXFrameworksBuildPhase section */

/* Begin PBXGroup section */
		1B4F51214A26729DF369742D /* Pods */ = {
			isa = PBXGroup;
			children = (
				AF13D2AF7E1201572DEDA864 /* Pods-Games.debug.xcconfig */,
				E9A1AF218020CB56AA2AAB1F /* Pods-Games.release.xcconfig */,
			);
			name = Pods;
			path = ../GameRush/Pods;
			sourceTree = "<group>";
		};
		30084B0F2CFC2691005AD67A = {
			isa = PBXGroup;
			children = (
				30084B1B2CFC2691005AD67A /* Games */,
				30084B1A2CFC2691005AD67A /* Products */,
				1B4F51214A26729DF369742D /* Pods */,
				6648A74B3D1C12C6E1DD8FA0 /* Frameworks */,
			);
			sourceTree = "<group>";
		};
		30084B1A2CFC2691005AD67A /* Products */ = {
			isa = PBXGroup;
			children = (
				30084B192CFC2691005AD67A /* Games.framework */,
			);
			name = Products;
			sourceTree = "<group>";
		};
		30084B1B2CFC2691005AD67A /* Games */ = {
			isa = PBXGroup;
			children = (
				300C63492CFC26DA00F8FF3E /* DI */,
				300C63482CFC26D300F8FF3E /* Domain */,
				300C63472CFC26CE00F8FF3E /* Data */,
				300C63462CFC26C800F8FF3E /* Presentation */,
				30084B1C2CFC2691005AD67A /* Games.h */,
			);
			path = Games;
			sourceTree = "<group>";
		};
		300C63462CFC26C800F8FF3E /* Presentation */ = {
			isa = PBXGroup;
			children = (
				303AD3D32CFC307F00867DC8 /* Presenter */,
				303AD3D02CFC307F00867DC8 /* View */,
			);
			path = Presentation;
			sourceTree = "<group>";
		};
		300C63472CFC26CE00F8FF3E /* Data */ = {
			isa = PBXGroup;
			children = (
				303AD3BE2CFC307800867DC8 /* DataSource */,
				303AD3C42CFC307800867DC8 /* Model */,
				303AD3BB2CFC307800867DC8 /* Repository */,
			);
			path = Data;
			sourceTree = "<group>";
		};
		300C63482CFC26D300F8FF3E /* Domain */ = {
			isa = PBXGroup;
			children = (
				303AD3B12CFC306F00867DC8 /* Entity */,
				303AD3AB2CFC306F00867DC8 /* UseCase */,
			);
			path = Domain;
			sourceTree = "<group>";
		};
		300C63492CFC26DA00F8FF3E /* DI */ = {
			isa = PBXGroup;
			children = (
				303AD3E02CFC315000867DC8 /* Injection.swift */,
			);
			path = DI;
			sourceTree = "<group>";
		};
		303AD3AB2CFC306F00867DC8 /* UseCase */ = {
			isa = PBXGroup;
			children = (
				303AD3A92CFC306F00867DC8 /* GameInteractor.swift */,
				303AD3AA2CFC306F00867DC8 /* GameUseCase.swift */,
			);
			path = UseCase;
			sourceTree = "<group>";
		};
		303AD3B12CFC306F00867DC8 /* Entity */ = {
			isa = PBXGroup;
			children = (
				303AD3AC2CFC306F00867DC8 /* DeveloperEntity.swift */,
				303AD3AD2CFC306F00867DC8 /* GameDetailEntity.swift */,
				303AD3AE2CFC306F00867DC8 /* GameEntity.swift */,
				303AD3AF2CFC306F00867DC8 /* GenreEntity.swift */,
				303AD3B02CFC306F00867DC8 /* PublisherEntity.swift */,
			);
			path = Entity;
			sourceTree = "<group>";
		};
		303AD3BB2CFC307800867DC8 /* Repository */ = {
			isa = PBXGroup;
			children = (
				303AD3B92CFC307800867DC8 /* GameRepository.swift */,
				303AD3BA2CFC307800867DC8 /* GameRepositoryProtocol.swift */,
			);
			path = Repository;
			sourceTree = "<group>";
		};
		303AD3BE2CFC307800867DC8 /* DataSource */ = {
			isa = PBXGroup;
			children = (
				303AD3BC2CFC307800867DC8 /* GameDataSource.swift */,
				303AD3BD2CFC307800867DC8 /* GameDataSourceProtocol.swift */,
			);
			path = DataSource;
			sourceTree = "<group>";
		};
		303AD3C42CFC307800867DC8 /* Model */ = {
			isa = PBXGroup;
			children = (
				303AD3BF2CFC307800867DC8 /* DeveloperModel.swift */,
				303AD3C02CFC307800867DC8 /* GameDetailModel.swift */,
				303AD3C12CFC307800867DC8 /* GameModel.swift */,
				303AD3C22CFC307800867DC8 /* GenreModel.swift */,
				303AD3C32CFC307800867DC8 /* PublisherModel.swift */,
			);
			path = Model;
			sourceTree = "<group>";
		};
		303AD3D02CFC307F00867DC8 /* View */ = {
			isa = PBXGroup;
			children = (
				303AD3CF2CFC307F00867DC8 /* MainViewController.swift */,
				303AD3CE2CFC307F00867DC8 /* DetailViewController.swift */,
			);
			path = View;
			sourceTree = "<group>";
		};
		303AD3D32CFC307F00867DC8 /* Presenter */ = {
			isa = PBXGroup;
			children = (
				303AD3D12CFC307F00867DC8 /* GamePresenter.swift */,
				303AD3D22CFC307F00867DC8 /* GamePresenterProtocol.swift */,
			);
			path = Presenter;
			sourceTree = "<group>";
		};
		6648A74B3D1C12C6E1DD8FA0 /* Frameworks */ = {
			isa = PBXGroup;
			children = (
				303AD3DC2CFC30FB00867DC8 /* Common.framework */,
				303AD3D82CFC30C700867DC8 /* LocalDatabase.framework */,
				A4C8AC4C5786FE22574B7560 /* Pods_Games.framework */,
			);
			name = Frameworks;
			sourceTree = "<group>";
		};
/* End PBXGroup section */

/* Begin PBXHeadersBuildPhase section */
		30084B142CFC2691005AD67A /* Headers */ = {
			isa = PBXHeadersBuildPhase;
			buildActionMask = 2147483647;
			files = (
				30084B1D2CFC2691005AD67A /* Games.h in Headers */,
			);
			runOnlyForDeploymentPostprocessing = 0;
		};
/* End PBXHeadersBuildPhase section */

/* Begin PBXNativeTarget section */
		30084B182CFC2691005AD67A /* Games */ = {
			isa = PBXNativeTarget;
			buildConfigurationList = 30084B202CFC2691005AD67A /* Build configuration list for PBXNativeTarget "Games" */;
			buildPhases = (
				EE59FC8B77760F3B5AB1099E /* [CP] Check Pods Manifest.lock */,
				30084B142CFC2691005AD67A /* Headers */,
				30084B152CFC2691005AD67A /* Sources */,
				30084B162CFC2691005AD67A /* Frameworks */,
				30084B172CFC2691005AD67A /* Resources */,
			);
			buildRules = (
			);
			dependencies = (
			);
			name = Games;
			productName = Games;
			productReference = 30084B192CFC2691005AD67A /* Games.framework */;
			productType = "com.apple.product-type.framework";
		};
/* End PBXNativeTarget section */

/* Begin PBXProject section */
		30084B102CFC2691005AD67A /* Project object */ = {
			isa = PBXProject;
			attributes = {
				BuildIndependentTargetsInParallel = 1;
				LastUpgradeCheck = 1540;
				TargetAttributes = {
					30084B182CFC2691005AD67A = {
						CreatedOnToolsVersion = 15.4;
					};
				};
			};
			buildConfigurationList = 30084B132CFC2691005AD67A /* Build configuration list for PBXProject "Games" */;
			compatibilityVersion = "Xcode 14.0";
			developmentRegion = en;
			hasScannedForEncodings = 0;
			knownRegions = (
				en,
				Base,
			);
			mainGroup = 30084B0F2CFC2691005AD67A;
			productRefGroup = 30084B1A2CFC2691005AD67A /* Products */;
			projectDirPath = "";
			projectRoot = "";
			targets = (
				30084B182CFC2691005AD67A /* Games */,
			);
		};
/* End PBXProject section */

/* Begin PBXResourcesBuildPhase section */
		30084B172CFC2691005AD67A /* Resources */ = {
			isa = PBXResourcesBuildPhase;
			buildActionMask = 2147483647;
			files = (
			);
			runOnlyForDeploymentPostprocessing = 0;
		};
/* End PBXResourcesBuildPhase section */

/* Begin PBXShellScriptBuildPhase section */
		EE59FC8B77760F3B5AB1099E /* [CP] Check Pods Manifest.lock */ = {
			isa = PBXShellScriptBuildPhase;
			buildActionMask = 2147483647;
			files = (
			);
			inputFileListPaths = (
			);
			inputPaths = (
				"${PODS_PODFILE_DIR_PATH}/Podfile.lock",
				"${PODS_ROOT}/Manifest.lock",
			);
			name = "[CP] Check Pods Manifest.lock";
			outputFileListPaths = (
			);
			outputPaths = (
				"$(DERIVED_FILE_DIR)/Pods-Games-checkManifestLockResult.txt",
			);
			runOnlyForDeploymentPostprocessing = 0;
			shellPath = /bin/sh;
			shellScript = "diff \"${PODS_PODFILE_DIR_PATH}/Podfile.lock\" \"${PODS_ROOT}/Manifest.lock\" > /dev/null\nif [ $? != 0 ] ; then\n    # print error to STDERR\n    echo \"error: The sandbox is not in sync with the Podfile.lock. Run 'pod install' or update your CocoaPods installation.\" >&2\n    exit 1\nfi\n# This output is used by Xcode 'outputs' to avoid re-running this script phase.\necho \"SUCCESS\" > \"${SCRIPT_OUTPUT_FILE_0}\"\n";
			showEnvVarsInLog = 0;
		};
/* End PBXShellScriptBuildPhase section */

/* Begin PBXSourcesBuildPhase section */
		30084B152CFC2691005AD67A /* Sources */ = {
			isa = PBXSourcesBuildPhase;
			buildActionMask = 2147483647;
			files = (
				303AD3E12CFC315000867DC8 /* Injection.swift in Sources */,
				303AD3B22CFC306F00867DC8 /* GameInteractor.swift in Sources */,
				303AD3D42CFC307F00867DC8 /* DetailViewController.swift in Sources */,
				303AD3C52CFC307800867DC8 /* GameRepository.swift in Sources */,
				303AD3C92CFC307800867DC8 /* DeveloperModel.swift in Sources */,
				303AD3C72CFC307800867DC8 /* GameDataSource.swift in Sources */,
				303AD3C82CFC307800867DC8 /* GameDataSourceProtocol.swift in Sources */,
				303AD3CB2CFC307800867DC8 /* GameModel.swift in Sources */,
				303AD3CC2CFC307800867DC8 /* GenreModel.swift in Sources */,
				303AD3B82CFC306F00867DC8 /* PublisherEntity.swift in Sources */,
				303AD3B32CFC306F00867DC8 /* GameUseCase.swift in Sources */,
				303AD3D62CFC307F00867DC8 /* GamePresenter.swift in Sources */,
				303AD3C62CFC307800867DC8 /* GameRepositoryProtocol.swift in Sources */,
				303AD3B42CFC306F00867DC8 /* DeveloperEntity.swift in Sources */,
				303AD3D52CFC307F00867DC8 /* MainViewController.swift in Sources */,
				303AD3D72CFC307F00867DC8 /* GamePresenterProtocol.swift in Sources */,
				303AD3B52CFC306F00867DC8 /* GameDetailEntity.swift in Sources */,
				303AD3CA2CFC307800867DC8 /* GameDetailModel.swift in Sources */,
				303AD3B72CFC306F00867DC8 /* GenreEntity.swift in Sources */,
				303AD3CD2CFC307800867DC8 /* PublisherModel.swift in Sources */,
				303AD3B62CFC306F00867DC8 /* GameEntity.swift in Sources */,
			);
			runOnlyForDeploymentPostprocessing = 0;
		};
/* End PBXSourcesBuildPhase section */

/* Begin XCBuildConfiguration section */
		30084B1E2CFC2691005AD67A /* Debug */ = {
			isa = XCBuildConfiguration;
			buildSettings = {
				ALWAYS_SEARCH_USER_PATHS = NO;
				ASSETCATALOG_COMPILER_GENERATE_SWIFT_ASSET_SYMBOL_EXTENSIONS = YES;
				CLANG_ANALYZER_NONNULL = YES;
				CLANG_ANALYZER_NUMBER_OBJECT_CONVERSION = YES_AGGRESSIVE;
				CLANG_CXX_LANGUAGE_STANDARD = "gnu++20";
				CLANG_ENABLE_MODULES = YES;
				CLANG_ENABLE_OBJC_ARC = YES;
				CLANG_ENABLE_OBJC_WEAK = YES;
				CLANG_WARN_BLOCK_CAPTURE_AUTORELEASING = YES;
				CLANG_WARN_BOOL_CONVERSION = YES;
				CLANG_WARN_COMMA = YES;
				CLANG_WARN_CONSTANT_CONVERSION = YES;
				CLANG_WARN_DEPRECATED_OBJC_IMPLEMENTATIONS = YES;
				CLANG_WARN_DIRECT_OBJC_ISA_USAGE = YES_ERROR;
				CLANG_WARN_DOCUMENTATION_COMMENTS = YES;
				CLANG_WARN_EMPTY_BODY = YES;
				CLANG_WARN_ENUM_CONVERSION = YES;
				CLANG_WARN_INFINITE_RECURSION = YES;
				CLANG_WARN_INT_CONVERSION = YES;
				CLANG_WARN_NON_LITERAL_NULL_CONVERSION = YES;
				CLANG_WARN_OBJC_IMPLICIT_RETAIN_SELF = YES;
				CLANG_WARN_OBJC_LITERAL_CONVERSION = YES;
				CLANG_WARN_OBJC_ROOT_CLASS = YES_ERROR;
				CLANG_WARN_QUOTED_INCLUDE_IN_FRAMEWORK_HEADER = YES;
				CLANG_WARN_RANGE_LOOP_ANALYSIS = YES;
				CLANG_WARN_STRICT_PROTOTYPES = YES;
				CLANG_WARN_SUSPICIOUS_MOVE = YES;
				CLANG_WARN_UNGUARDED_AVAILABILITY = YES_AGGRESSIVE;
				CLANG_WARN_UNREACHABLE_CODE = YES;
				CLANG_WARN__DUPLICATE_METHOD_MATCH = YES;
				COPY_PHASE_STRIP = NO;
				CURRENT_PROJECT_VERSION = 1;
				DEBUG_INFORMATION_FORMAT = dwarf;
				ENABLE_STRICT_OBJC_MSGSEND = YES;
				ENABLE_TESTABILITY = YES;
				ENABLE_USER_SCRIPT_SANDBOXING = YES;
				GCC_C_LANGUAGE_STANDARD = gnu17;
				GCC_DYNAMIC_NO_PIC = NO;
				GCC_NO_COMMON_BLOCKS = YES;
				GCC_OPTIMIZATION_LEVEL = 0;
				GCC_PREPROCESSOR_DEFINITIONS = (
					"DEBUG=1",
					"$(inherited)",
				);
				GCC_WARN_64_TO_32_BIT_CONVERSION = YES;
				GCC_WARN_ABOUT_RETURN_TYPE = YES_ERROR;
				GCC_WARN_UNDECLARED_SELECTOR = YES;
				GCC_WARN_UNINITIALIZED_AUTOS = YES_AGGRESSIVE;
				GCC_WARN_UNUSED_FUNCTION = YES;
				GCC_WARN_UNUSED_VARIABLE = YES;
				IPHONEOS_DEPLOYMENT_TARGET = 17.5;
				LOCALIZATION_PREFERS_STRING_CATALOGS = YES;
				MTL_ENABLE_DEBUG_INFO = INCLUDE_SOURCE;
				MTL_FAST_MATH = YES;
				ONLY_ACTIVE_ARCH = YES;
				SDKROOT = iphoneos;
				SWIFT_ACTIVE_COMPILATION_CONDITIONS = "DEBUG $(inherited)";
				SWIFT_OPTIMIZATION_LEVEL = "-Onone";
				VERSIONING_SYSTEM = "apple-generic";
				VERSION_INFO_PREFIX = "";
			};
			name = Debug;
		};
		30084B1F2CFC2691005AD67A /* Release */ = {
			isa = XCBuildConfiguration;
			buildSettings = {
				ALWAYS_SEARCH_USER_PATHS = NO;
				ASSETCATALOG_COMPILER_GENERATE_SWIFT_ASSET_SYMBOL_EXTENSIONS = YES;
				CLANG_ANALYZER_NONNULL = YES;
				CLANG_ANALYZER_NUMBER_OBJECT_CONVERSION = YES_AGGRESSIVE;
				CLANG_CXX_LANGUAGE_STANDARD = "gnu++20";
				CLANG_ENABLE_MODULES = YES;
				CLANG_ENABLE_OBJC_ARC = YES;
				CLANG_ENABLE_OBJC_WEAK = YES;
				CLANG_WARN_BLOCK_CAPTURE_AUTORELEASING = YES;
				CLANG_WARN_BOOL_CONVERSION = YES;
				CLANG_WARN_COMMA = YES;
				CLANG_WARN_CONSTANT_CONVERSION = YES;
				CLANG_WARN_DEPRECATED_OBJC_IMPLEMENTATIONS = YES;
				CLANG_WARN_DIRECT_OBJC_ISA_USAGE = YES_ERROR;
				CLANG_WARN_DOCUMENTATION_COMMENTS = YES;
				CLANG_WARN_EMPTY_BODY = YES;
				CLANG_WARN_ENUM_CONVERSION = YES;
				CLANG_WARN_INFINITE_RECURSION = YES;
				CLANG_WARN_INT_CONVERSION = YES;
				CLANG_WARN_NON_LITERAL_NULL_CONVERSION = YES;
				CLANG_WARN_OBJC_IMPLICIT_RETAIN_SELF = YES;
				CLANG_WARN_OBJC_LITERAL_CONVERSION = YES;
				CLANG_WARN_OBJC_ROOT_CLASS = YES_ERROR;
				CLANG_WARN_QUOTED_INCLUDE_IN_FRAMEWORK_HEADER = YES;
				CLANG_WARN_RANGE_LOOP_ANALYSIS = YES;
				CLANG_WARN_STRICT_PROTOTYPES = YES;
				CLANG_WARN_SUSPICIOUS_MOVE = YES;
				CLANG_WARN_UNGUARDED_AVAILABILITY = YES_AGGRESSIVE;
				CLANG_WARN_UNREACHABLE_CODE = YES;
				CLANG_WARN__DUPLICATE_METHOD_MATCH = YES;
				COPY_PHASE_STRIP = NO;
				CURRENT_PROJECT_VERSION = 1;
				DEBUG_INFORMATION_FORMAT = "dwarf-with-dsym";
				ENABLE_NS_ASSERTIONS = NO;
				ENABLE_STRICT_OBJC_MSGSEND = YES;
				ENABLE_USER_SCRIPT_SANDBOXING = YES;
				GCC_C_LANGUAGE_STANDARD = gnu17;
				GCC_NO_COMMON_BLOCKS = YES;
				GCC_WARN_64_TO_32_BIT_CONVERSION = YES;
				GCC_WARN_ABOUT_RETURN_TYPE = YES_ERROR;
				GCC_WARN_UNDECLARED_SELECTOR = YES;
				GCC_WARN_UNINITIALIZED_AUTOS = YES_AGGRESSIVE;
				GCC_WARN_UNUSED_FUNCTION = YES;
				GCC_WARN_UNUSED_VARIABLE = YES;
				IPHONEOS_DEPLOYMENT_TARGET = 17.5;
				LOCALIZATION_PREFERS_STRING_CATALOGS = YES;
				MTL_ENABLE_DEBUG_INFO = NO;
				MTL_FAST_MATH = YES;
				SDKROOT = iphoneos;
				SWIFT_COMPILATION_MODE = wholemodule;
				VALIDATE_PRODUCT = YES;
				VERSIONING_SYSTEM = "apple-generic";
				VERSION_INFO_PREFIX = "";
			};
			name = Release;
		};
		30084B212CFC2691005AD67A /* Debug */ = {
			isa = XCBuildConfiguration;
			baseConfigurationReference = AF13D2AF7E1201572DEDA864 /* Pods-Games.debug.xcconfig */;
			buildSettings = {
				BUILD_LIBRARY_FOR_DISTRIBUTION = NO;
				CODE_SIGN_STYLE = Automatic;
				CURRENT_PROJECT_VERSION = 1;
				DEFINES_MODULE = YES;
				DEVELOPMENT_TEAM = 7NJ4ZKL6Q5;
				DYLIB_COMPATIBILITY_VERSION = 1;
				DYLIB_CURRENT_VERSION = 1;
				DYLIB_INSTALL_NAME_BASE = "@rpath";
				ENABLE_MODULE_VERIFIER = YES;
				GENERATE_INFOPLIST_FILE = YES;
				INFOPLIST_KEY_NSHumanReadableCopyright = "";
				INSTALL_PATH = "$(LOCAL_LIBRARY_DIR)/Frameworks";
				LD_RUNPATH_SEARCH_PATHS = (
					"$(inherited)",
					"@executable_path/Frameworks",
					"@loader_path/Frameworks",
				);
				MARKETING_VERSION = 1.0;
				MODULE_VERIFIER_SUPPORTED_LANGUAGES = "objective-c objective-c++";
				MODULE_VERIFIER_SUPPORTED_LANGUAGE_STANDARDS = "gnu17 gnu++20";
				PRODUCT_BUNDLE_IDENTIFIER = com.nafladiva.Games;
				PRODUCT_NAME = "$(TARGET_NAME:c99extidentifier)";
				SKIP_INSTALL = YES;
				SWIFT_EMIT_LOC_STRINGS = YES;
				SWIFT_INSTALL_OBJC_HEADER = NO;
				SWIFT_VERSION = 5.0;
				TARGETED_DEVICE_FAMILY = "1,2";
			};
			name = Debug;
		};
		30084B222CFC2691005AD67A /* Release */ = {
			isa = XCBuildConfiguration;
			baseConfigurationReference = E9A1AF218020CB56AA2AAB1F /* Pods-Games.release.xcconfig */;
			buildSettings = {
				BUILD_LIBRARY_FOR_DISTRIBUTION = NO;
				CODE_SIGN_STYLE = Automatic;
				CURRENT_PROJECT_VERSION = 1;
				DEFINES_MODULE = YES;
				DEVELOPMENT_TEAM = 7NJ4ZKL6Q5;
				DYLIB_COMPATIBILITY_VERSION = 1;
				DYLIB_CURRENT_VERSION = 1;
				DYLIB_INSTALL_NAME_BASE = "@rpath";
				ENABLE_MODULE_VERIFIER = YES;
				GENERATE_INFOPLIST_FILE = YES;
				INFOPLIST_KEY_NSHumanReadableCopyright = "";
				INSTALL_PATH = "$(LOCAL_LIBRARY_DIR)/Frameworks";
				LD_RUNPATH_SEARCH_PATHS = (
					"$(inherited)",
					"@executable_path/Frameworks",
					"@loader_path/Frameworks",
				);
				MARKETING_VERSION = 1.0;
				MODULE_VERIFIER_SUPPORTED_LANGUAGES = "objective-c objective-c++";
				MODULE_VERIFIER_SUPPORTED_LANGUAGE_STANDARDS = "gnu17 gnu++20";
				PRODUCT_BUNDLE_IDENTIFIER = com.nafladiva.Games;
				PRODUCT_NAME = "$(TARGET_NAME:c99extidentifier)";
				SKIP_INSTALL = YES;
				SWIFT_EMIT_LOC_STRINGS = YES;
				SWIFT_INSTALL_OBJC_HEADER = NO;
				SWIFT_VERSION = 5.0;
				TARGETED_DEVICE_FAMILY = "1,2";
			};
			name = Release;
		};
/* End XCBuildConfiguration section */

/* Begin XCConfigurationList section */
		30084B132CFC2691005AD67A /* Build configuration list for PBXProject "Games" */ = {
			isa = XCConfigurationList;
			buildConfigurations = (
				30084B1E2CFC2691005AD67A /* Debug */,
				30084B1F2CFC2691005AD67A /* Release */,
			);
			defaultConfigurationIsVisible = 0;
			defaultConfigurationName = Release;
		};
		30084B202CFC2691005AD67A /* Build configuration list for PBXNativeTarget "Games" */ = {
			isa = XCConfigurationList;
			buildConfigurations = (
				30084B212CFC2691005AD67A /* Debug */,
				30084B222CFC2691005AD67A /* Release */,
			);
			defaultConfigurationIsVisible = 0;
			defaultConfigurationName = Release;
		};
/* End XCConfigurationList section */
	};
	rootObject = 30084B102CFC2691005AD67A /* Project object */;
}
